
Microsoft Visual Studio Solution File, Format Version 12.00
# Visual Studio 15
Project("{FAE04EC0-301F-11D3-BF4B-00C04F79EFBC}") = "Assembly-CSharp", "Assembly-CSharp.csproj", "{147750CA-8792-A8D9-4302-C965AAE03E51}"
EndProject
Project("{FAE04EC0-301F-11D3-BF4B-00C04F79EFBC}") = "Assembly-CSharp-firstpass", "Assembly-CSharp-firstpass.csproj", "{D8E1BB6C-D42B-8E79-2512-A00E5CA84478}"
EndProject
Project("{FAE04EC0-301F-11D3-BF4B-00C04F79EFBC}") = "Assembly-CSharp-Editor-firstpass", "Assembly-CSharp-Editor-firstpass.csproj", "{A3B87CFC-D729-B6B9-D631-F318BE799CD6}"
EndProject
Global
	GlobalSection(SolutionConfigurationPlatforms) = preSolution
		Debug|Any CPU = Debug|Any CPU
		Release|Any CPU = Release|Any CPU
	EndGlobalSection
	GlobalSection(ProjectConfigurationPlatforms) = postSolution
		{147750CA-8792-A8D9-4302-C965AAE03E51}.Debug|Any CPU.ActiveCfg = Debug|Any CPU
		{147750CA-8792-A8D9-4302-C965AAE03E51}.Debug|Any CPU.Build.0 = Debug|Any CPU
		{147750CA-8792-A8D9-4302-C965AAE03E51}.Release|Any CPU.ActiveCfg = Release|Any CPU
		{147750CA-8792-A8D9-4302-C965AAE03E51}.Release|Any CPU.Build.0 = Release|Any CPU
		{D8E1BB6C-D42B-8E79-2512-A00E5CA84478}.Debug|Any CPU.ActiveCfg = Debug|Any CPU
		{D8E1BB6C-D42B-8E79-2512-A00E5CA84478}.Debug|Any CPU.Build.0 = Debug|Any CPU
		{D8E1BB6C-D42B-8E79-2512-A00E5CA84478}.Release|Any CPU.ActiveCfg = Release|Any CPU
		{D8E1BB6C-D42B-8E79-2512-A00E5CA84478}.Release|Any CPU.Build.0 = Release|Any CPU
		{A3B87CFC-D729-B6B9-D631-F318BE799CD6}.Debug|Any CPU.ActiveCfg = Debug|Any CPU
		{A3B87CFC-D729-B6B9-D631-F318BE799CD6}.Debug|Any CPU.Build.0 = Debug|Any CPU
		{A3B87CFC-D729-B6B9-D631-F318BE799CD6}.Release|Any CPU.ActiveCfg = Release|Any CPU
		{A3B87CFC-D729-B6B9-D631-F318BE799CD6}.Release|Any CPU.Build.0 = Release|Any CPU
	EndGlobalSection
	GlobalSection(SolutionProperties) = preSolution
		HideSolutionNode = FALSE
	EndGlobalSection
EndGlobal
